
Microsoft Visual Studio Solution File, Format Version 12.00
# Visual Studio 14
VisualStudioVersion = 14.0.24720.0
MinimumVisualStudioVersion = 10.0.40219.1
Project("{FAE04EC0-301F-11D3-BF4B-00C04F79EFBC}") = "DeclarativeSql", "Source\DeclarativeSql\DeclarativeSql.csproj", "{AA2BB595-C375-4BB2-BB31-514680B30AD3}"
EndProject
Project("{FAE04EC0-301F-11D3-BF4B-00C04F79EFBC}") = "DeclarativeSql.Dapper", "Source\DeclarativeSql.Dapper\DeclarativeSql.Dapper.csproj", "{C4705693-AB4F-4D34-9EED-A1F4D6279800}"
EndProject
Project("{2150E333-8FDC-42A3-9474-1A3956D46DE8}") = "Source", "Source", "{DF1AFD52-D64C-4E20-9D10-EF79B466F96F}"
EndProject
Project("{2150E333-8FDC-42A3-9474-1A3956D46DE8}") = "NuGet", "NuGet", "{1207B665-EAAC-4ECD-A9B0-AE97E7DB112E}"
	ProjectSection(SolutionItems) = preProject
		NuGet\DeclarativeSql.Core.nuspec = NuGet\DeclarativeSql.Core.nuspec
		NuGet\DeclarativeSql.Dapper.nuspec = NuGet\DeclarativeSql.Dapper.nuspec
	EndProjectSection
EndProject
Project("{2150E333-8FDC-42A3-9474-1A3956D46DE8}") = "Test", "Test", "{0CBCB5FB-7350-4084-A4ED-D73DE862DCAD}"
EndProject
Project("{FAE04EC0-301F-11D3-BF4B-00C04F79EFBC}") = "DeclarativeSql.Tests", "Test\DeclarativeSql.Tests.csproj", "{73D4DB30-4B5D-4301-8E1F-77C1D870B2FC}"
EndProject
Global
	GlobalSection(SolutionConfigurationPlatforms) = preSolution
		Debug|Any CPU = Debug|Any CPU
		Release|Any CPU = Release|Any CPU
	EndGlobalSection
	GlobalSection(ProjectConfigurationPlatforms) = postSolution
		{AA2BB595-C375-4BB2-BB31-514680B30AD3}.Debug|Any CPU.ActiveCfg = Debug|Any CPU
		{AA2BB595-C375-4BB2-BB31-514680B30AD3}.Debug|Any CPU.Build.0 = Debug|Any CPU
		{AA2BB595-C375-4BB2-BB31-514680B30AD3}.Release|Any CPU.ActiveCfg = Release|Any CPU
		{AA2BB595-C375-4BB2-BB31-514680B30AD3}.Release|Any CPU.Build.0 = Release|Any CPU
		{C4705693-AB4F-4D34-9EED-A1F4D6279800}.Debug|Any CPU.ActiveCfg = Debug|Any CPU
		{C4705693-AB4F-4D34-9EED-A1F4D6279800}.Debug|Any CPU.Build.0 = Debug|Any CPU
		{C4705693-AB4F-4D34-9EED-A1F4D6279800}.Release|Any CPU.ActiveCfg = Release|Any CPU
		{C4705693-AB4F-4D34-9EED-A1F4D6279800}.Release|Any CPU.Build.0 = Release|Any CPU
		{73D4DB30-4B5D-4301-8E1F-77C1D870B2FC}.Debug|Any CPU.ActiveCfg = Debug|Any CPU
		{73D4DB30-4B5D-4301-8E1F-77C1D870B2FC}.Debug|Any CPU.Build.0 = Debug|Any CPU
		{73D4DB30-4B5D-4301-8E1F-77C1D870B2FC}.Release|Any CPU.ActiveCfg = Release|Any CPU
		{73D4DB30-4B5D-4301-8E1F-77C1D870B2FC}.Release|Any CPU.Build.0 = Release|Any CPU
	EndGlobalSection
	GlobalSection(SolutionProperties) = preSolution
		HideSolutionNode = FALSE
	EndGlobalSection
	GlobalSection(NestedProjects) = preSolution
		{AA2BB595-C375-4BB2-BB31-514680B30AD3} = {DF1AFD52-D64C-4E20-9D10-EF79B466F96F}
		{C4705693-AB4F-4D34-9EED-A1F4D6279800} = {DF1AFD52-D64C-4E20-9D10-EF79B466F96F}
		{73D4DB30-4B5D-4301-8E1F-77C1D870B2FC} = {0CBCB5FB-7350-4084-A4ED-D73DE862DCAD}
	EndGlobalSection
EndGlobal
