
Microsoft Visual Studio Solution File, Format Version 12.00
# Visual Studio 14
VisualStudioVersion = 14.0.25420.1
MinimumVisualStudioVersion = 10.0.40219.1
Project("{2150E333-8FDC-42A3-9474-1A3956D46DE8}") = "src", "src", "{6590E0EF-50CF-49FB-BBD5-63387CACFA03}"
EndProject
Project("{2150E333-8FDC-42A3-9474-1A3956D46DE8}") = "Solution Items", "Solution Items", "{76EDDFEE-EA46-4E31-B36A-E5434BD86B92}"
	ProjectSection(SolutionItems) = preProject
		global.json = global.json
	EndProjectSection
EndProject
Project("{8BB2217D-0F2D-49D1-97BC-3654ED321F3B}") = "DeclarativeSql", "src\DeclarativeSql\DeclarativeSql.xproj", "{8FDBC06B-4A68-45FE-9BDA-4E728E3FAD8B}"
EndProject
Global
	GlobalSection(SolutionConfigurationPlatforms) = preSolution
		Debug|Any CPU = Debug|Any CPU
		Release|Any CPU = Release|Any CPU
	EndGlobalSection
	GlobalSection(ProjectConfigurationPlatforms) = postSolution
		{8FDBC06B-4A68-45FE-9BDA-4E728E3FAD8B}.Debug|Any CPU.ActiveCfg = Debug|Any CPU
		{8FDBC06B-4A68-45FE-9BDA-4E728E3FAD8B}.Debug|Any CPU.Build.0 = Debug|Any CPU
		{8FDBC06B-4A68-45FE-9BDA-4E728E3FAD8B}.Release|Any CPU.ActiveCfg = Release|Any CPU
		{8FDBC06B-4A68-45FE-9BDA-4E728E3FAD8B}.Release|Any CPU.Build.0 = Release|Any CPU
	EndGlobalSection
	GlobalSection(SolutionProperties) = preSolution
		HideSolutionNode = FALSE
	EndGlobalSection
	GlobalSection(NestedProjects) = preSolution
		{8FDBC06B-4A68-45FE-9BDA-4E728E3FAD8B} = {6590E0EF-50CF-49FB-BBD5-63387CACFA03}
	EndGlobalSection
EndGlobal
